// !$*UTF8*$!
{
	archiveVersion = 1;
	classes = {
	};
	objectVersion = 51;
	objects = {

/* Begin PBXBuildFile section */
		7C7D112929EF57F8F3B01CDA /* Pods_Flix_FlixUITests.framework in Frameworks */ = {isa = PBXBuildFile; fileRef = 9B828A38DDEA07A2A65AE925 /* Pods_Flix_FlixUITests.framework */; };
		800750D724A505C5003F8D0C /* AppDelegate.m in Sources */ = {isa = PBXBuildFile; fileRef = 800750D624A505C5003F8D0C /* AppDelegate.m */; };
		800750DA24A505C5003F8D0C /* SceneDelegate.m in Sources */ = {isa = PBXBuildFile; fileRef = 800750D924A505C5003F8D0C /* SceneDelegate.m */; };
		800750E024A505C5003F8D0C /* Main.storyboard in Resources */ = {isa = PBXBuildFile; fileRef = 800750DE24A505C5003F8D0C /* Main.storyboard */; };
		800750E224A505C6003F8D0C /* Assets.xcassets in Resources */ = {isa = PBXBuildFile; fileRef = 800750E124A505C6003F8D0C /* Assets.xcassets */; };
		800750E524A505C6003F8D0C /* LaunchScreen.storyboard in Resources */ = {isa = PBXBuildFile; fileRef = 800750E324A505C6003F8D0C /* LaunchScreen.storyboard */; };
		800750E824A505C6003F8D0C /* main.m in Sources */ = {isa = PBXBuildFile; fileRef = 800750E724A505C6003F8D0C /* main.m */; };
		800750F224A505C6003F8D0C /* FlixTests.m in Sources */ = {isa = PBXBuildFile; fileRef = 800750F124A505C6003F8D0C /* FlixTests.m */; };
		800750FD24A505C6003F8D0C /* FlixUITests.m in Sources */ = {isa = PBXBuildFile; fileRef = 800750FC24A505C6003F8D0C /* FlixUITests.m */; };
		8007510C24A50CD1003F8D0C /* MoviesViewController.m in Sources */ = {isa = PBXBuildFile; fileRef = 8007510B24A50CD1003F8D0C /* MoviesViewController.m */; };
		8007511224A596CE003F8D0C /* MovieCell.m in Sources */ = {isa = PBXBuildFile; fileRef = 8007511124A596CE003F8D0C /* MovieCell.m */; };
		8007511524A5C454003F8D0C /* DetailsViewController.m in Sources */ = {isa = PBXBuildFile; fileRef = 8007511424A5C454003F8D0C /* DetailsViewController.m */; };
		80838AAC24A69592001C7D90 /* MoviesGridViewController.m in Sources */ = {isa = PBXBuildFile; fileRef = 80838AAB24A69592001C7D90 /* MoviesGridViewController.m */; };
		80838AB224A6BB3E001C7D90 /* MovieCollectionCell.m in Sources */ = {isa = PBXBuildFile; fileRef = 80838AB124A6BB3E001C7D90 /* MovieCollectionCell.m */; };
		F94EAAE1F94F4A7C982B5374 /* Pods_Flix.framework in Frameworks */ = {isa = PBXBuildFile; fileRef = 28C4BD09245D7DBC1A45D1C1 /* Pods_Flix.framework */; };
		FA044B3A32F266433AB0B74E /* Pods_FlixTests.framework in Frameworks */ = {isa = PBXBuildFile; fileRef = 28E2EF3DFD6112DF81B7E935 /* Pods_FlixTests.framework */; };
/* End PBXBuildFile section */

/* Begin PBXContainerItemProxy section */
		800750EE24A505C6003F8D0C /* PBXContainerItemProxy */ = {
			isa = PBXContainerItemProxy;
			containerPortal = 800750CA24A505C5003F8D0C /* Project object */;
			proxyType = 1;
			remoteGlobalIDString = 800750D124A505C5003F8D0C;
			remoteInfo = Flix;
		};
		800750F924A505C6003F8D0C /* PBXContainerItemProxy */ = {
			isa = PBXContainerItemProxy;
			containerPortal = 800750CA24A505C5003F8D0C /* Project object */;
			proxyType = 1;
			remoteGlobalIDString = 800750D124A505C5003F8D0C;
			remoteInfo = Flix;
		};
/* End PBXContainerItemProxy section */

/* Begin PBXFileReference section */
		1037C800F1BAB27E2477A617 /* Pods-Flix.release.xcconfig */ = {isa = PBXFileReference; includeInIndex = 1; lastKnownFileType = text.xcconfig; name = "Pods-Flix.release.xcconfig"; path = "Target Support Files/Pods-Flix/Pods-Flix.release.xcconfig"; sourceTree = "<group>"; };
		15520C68165B909F6DE56473 /* Pods-Flix.debug.xcconfig */ = {isa = PBXFileReference; includeInIndex = 1; lastKnownFileType = text.xcconfig; name = "Pods-Flix.debug.xcconfig"; path = "Target Support Files/Pods-Flix/Pods-Flix.debug.xcconfig"; sourceTree = "<group>"; };
		28C4BD09245D7DBC1A45D1C1 /* Pods_Flix.framework */ = {isa = PBXFileReference; explicitFileType = wrapper.framework; includeInIndex = 0; path = Pods_Flix.framework; sourceTree = BUILT_PRODUCTS_DIR; };
		28E2EF3DFD6112DF81B7E935 /* Pods_FlixTests.framework */ = {isa = PBXFileReference; explicitFileType = wrapper.framework; includeInIndex = 0; path = Pods_FlixTests.framework; sourceTree = BUILT_PRODUCTS_DIR; };
		40867A6CF8754DE6BA5739C3 /* Pods-Flix-FlixUITests.release.xcconfig */ = {isa = PBXFileReference; includeInIndex = 1; lastKnownFileType = text.xcconfig; name = "Pods-Flix-FlixUITests.release.xcconfig"; path = "Target Support Files/Pods-Flix-FlixUITests/Pods-Flix-FlixUITests.release.xcconfig"; sourceTree = "<group>"; };
		800750D224A505C5003F8D0C /* Flix.app */ = {isa = PBXFileReference; explicitFileType = wrapper.application; includeInIndex = 0; path = Flix.app; sourceTree = BUILT_PRODUCTS_DIR; };
		800750D524A505C5003F8D0C /* AppDelegate.h */ = {isa = PBXFileReference; lastKnownFileType = sourcecode.c.h; path = AppDelegate.h; sourceTree = "<group>"; };
		800750D624A505C5003F8D0C /* AppDelegate.m */ = {isa = PBXFileReference; lastKnownFileType = sourcecode.c.objc; path = AppDelegate.m; sourceTree = "<group>"; };
		800750D824A505C5003F8D0C /* SceneDelegate.h */ = {isa = PBXFileReference; lastKnownFileType = sourcecode.c.h; path = SceneDelegate.h; sourceTree = "<group>"; };
		800750D924A505C5003F8D0C /* SceneDelegate.m */ = {isa = PBXFileReference; lastKnownFileType = sourcecode.c.objc; path = SceneDelegate.m; sourceTree = "<group>"; };
		800750DF24A505C5003F8D0C /* Base */ = {isa = PBXFileReference; lastKnownFileType = file.storyboard; name = Base; path = Base.lproj/Main.storyboard; sourceTree = "<group>"; };
		800750E124A505C6003F8D0C /* Assets.xcassets */ = {isa = PBXFileReference; lastKnownFileType = folder.assetcatalog; path = Assets.xcassets; sourceTree = "<group>"; };
		800750E424A505C6003F8D0C /* Base */ = {isa = PBXFileReference; lastKnownFileType = file.storyboard; name = Base; path = Base.lproj/LaunchScreen.storyboard; sourceTree = "<group>"; };
		800750E624A505C6003F8D0C /* Info.plist */ = {isa = PBXFileReference; lastKnownFileType = text.plist.xml; path = Info.plist; sourceTree = "<group>"; };
		800750E724A505C6003F8D0C /* main.m */ = {isa = PBXFileReference; lastKnownFileType = sourcecode.c.objc; path = main.m; sourceTree = "<group>"; };
		800750ED24A505C6003F8D0C /* FlixTests.xctest */ = {isa = PBXFileReference; explicitFileType = wrapper.cfbundle; includeInIndex = 0; path = FlixTests.xctest; sourceTree = BUILT_PRODUCTS_DIR; };
		800750F124A505C6003F8D0C /* FlixTests.m */ = {isa = PBXFileReference; lastKnownFileType = sourcecode.c.objc; path = FlixTests.m; sourceTree = "<group>"; };
		800750F324A505C6003F8D0C /* Info.plist */ = {isa = PBXFileReference; lastKnownFileType = text.plist.xml; path = Info.plist; sourceTree = "<group>"; };
		800750F824A505C6003F8D0C /* FlixUITests.xctest */ = {isa = PBXFileReference; explicitFileType = wrapper.cfbundle; includeInIndex = 0; path = FlixUITests.xctest; sourceTree = BUILT_PRODUCTS_DIR; };
		800750FC24A505C6003F8D0C /* FlixUITests.m */ = {isa = PBXFileReference; lastKnownFileType = sourcecode.c.objc; path = FlixUITests.m; sourceTree = "<group>"; };
		800750FE24A505C6003F8D0C /* Info.plist */ = {isa = PBXFileReference; lastKnownFileType = text.plist.xml; path = Info.plist; sourceTree = "<group>"; };
		8007510A24A50CD1003F8D0C /* MoviesViewController.h */ = {isa = PBXFileReference; lastKnownFileType = sourcecode.c.h; path = MoviesViewController.h; sourceTree = "<group>"; };
		8007510B24A50CD1003F8D0C /* MoviesViewController.m */ = {isa = PBXFileReference; lastKnownFileType = sourcecode.c.objc; path = MoviesViewController.m; sourceTree = "<group>"; };
		8007511024A596CE003F8D0C /* MovieCell.h */ = {isa = PBXFileReference; lastKnownFileType = sourcecode.c.h; path = MovieCell.h; sourceTree = "<group>"; };
		8007511124A596CE003F8D0C /* MovieCell.m */ = {isa = PBXFileReference; lastKnownFileType = sourcecode.c.objc; path = MovieCell.m; sourceTree = "<group>"; };
		8007511324A5C454003F8D0C /* DetailsViewController.h */ = {isa = PBXFileReference; lastKnownFileType = sourcecode.c.h; path = DetailsViewController.h; sourceTree = "<group>"; };
		8007511424A5C454003F8D0C /* DetailsViewController.m */ = {isa = PBXFileReference; lastKnownFileType = sourcecode.c.objc; path = DetailsViewController.m; sourceTree = "<group>"; };
		80838AAA24A69592001C7D90 /* MoviesGridViewController.h */ = {isa = PBXFileReference; lastKnownFileType = sourcecode.c.h; path = MoviesGridViewController.h; sourceTree = "<group>"; };
		80838AAB24A69592001C7D90 /* MoviesGridViewController.m */ = {isa = PBXFileReference; lastKnownFileType = sourcecode.c.objc; path = MoviesGridViewController.m; sourceTree = "<group>"; };
		80838AB024A6BB3E001C7D90 /* MovieCollectionCell.h */ = {isa = PBXFileReference; lastKnownFileType = sourcecode.c.h; path = MovieCollectionCell.h; sourceTree = "<group>"; };
		80838AB124A6BB3E001C7D90 /* MovieCollectionCell.m */ = {isa = PBXFileReference; lastKnownFileType = sourcecode.c.objc; path = MovieCollectionCell.m; sourceTree = "<group>"; };
		9B4F7093918E2227BF314D7F /* Pods-FlixTests.debug.xcconfig */ = {isa = PBXFileReference; includeInIndex = 1; lastKnownFileType = text.xcconfig; name = "Pods-FlixTests.debug.xcconfig"; path = "Target Support Files/Pods-FlixTests/Pods-FlixTests.debug.xcconfig"; sourceTree = "<group>"; };
		9B828A38DDEA07A2A65AE925 /* Pods_Flix_FlixUITests.framework */ = {isa = PBXFileReference; explicitFileType = wrapper.framework; includeInIndex = 0; path = Pods_Flix_FlixUITests.framework; sourceTree = BUILT_PRODUCTS_DIR; };
		CFEA6055D616C60788F900E1 /* Pods-Flix-FlixUITests.debug.xcconfig */ = {isa = PBXFileReference; includeInIndex = 1; lastKnownFileType = text.xcconfig; name = "Pods-Flix-FlixUITests.debug.xcconfig"; path = "Target Support Files/Pods-Flix-FlixUITests/Pods-Flix-FlixUITests.debug.xcconfig"; sourceTree = "<group>"; };
		FFEF80333ADAE412367E0E33 /* Pods-FlixTests.release.xcconfig */ = {isa = PBXFileReference; includeInIndex = 1; lastKnownFileType = text.xcconfig; name = "Pods-FlixTests.release.xcconfig"; path = "Target Support Files/Pods-FlixTests/Pods-FlixTests.release.xcconfig"; sourceTree = "<group>"; };
/* End PBXFileReference section */

/* Begin PBXFrameworksBuildPhase section */
		800750CF24A505C5003F8D0C /* Frameworks */ = {
			isa = PBXFrameworksBuildPhase;
			buildActionMask = 2147483647;
			files = (
				F94EAAE1F94F4A7C982B5374 /* Pods_Flix.framework in Frameworks */,
			);
			runOnlyForDeploymentPostprocessing = 0;
		};
		800750EA24A505C6003F8D0C /* Frameworks */ = {
			isa = PBXFrameworksBuildPhase;
			buildActionMask = 2147483647;
			files = (
				FA044B3A32F266433AB0B74E /* Pods_FlixTests.framework in Frameworks */,
			);
			runOnlyForDeploymentPostprocessing = 0;
		};
		800750F524A505C6003F8D0C /* Frameworks */ = {
			isa = PBXFrameworksBuildPhase;
			buildActionMask = 2147483647;
			files = (
				7C7D112929EF57F8F3B01CDA /* Pods_Flix_FlixUITests.framework in Frameworks */,
			);
			runOnlyForDeploymentPostprocessing = 0;
		};
/* End PBXFrameworksBuildPhase section */

/* Begin PBXGroup section */
		1560B5A290EA27FEEF0CBA07 /* Frameworks */ = {
			isa = PBXGroup;
			children = (
				28C4BD09245D7DBC1A45D1C1 /* Pods_Flix.framework */,
				9B828A38DDEA07A2A65AE925 /* Pods_Flix_FlixUITests.framework */,
				28E2EF3DFD6112DF81B7E935 /* Pods_FlixTests.framework */,
			);
			name = Frameworks;
			sourceTree = "<group>";
		};
		800750C924A505C5003F8D0C = {
			isa = PBXGroup;
			children = (
				800750D424A505C5003F8D0C /* Flix */,
				800750F024A505C6003F8D0C /* FlixTests */,
				800750FB24A505C6003F8D0C /* FlixUITests */,
				800750D324A505C5003F8D0C /* Products */,
				E4405AE4B2A305C6A816557D /* Pods */,
				1560B5A290EA27FEEF0CBA07 /* Frameworks */,
			);
			sourceTree = "<group>";
		};
		800750D324A505C5003F8D0C /* Products */ = {
			isa = PBXGroup;
			children = (
				800750D224A505C5003F8D0C /* Flix.app */,
				800750ED24A505C6003F8D0C /* FlixTests.xctest */,
				800750F824A505C6003F8D0C /* FlixUITests.xctest */,
			);
			name = Products;
			sourceTree = "<group>";
		};
		800750D424A505C5003F8D0C /* Flix */ = {
			isa = PBXGroup;
			children = (
				8007510E24A537DA003F8D0C /* Views */,
				8007510D24A537C7003F8D0C /* ViewControllers */,
				800750D524A505C5003F8D0C /* AppDelegate.h */,
				800750D624A505C5003F8D0C /* AppDelegate.m */,
				800750D824A505C5003F8D0C /* SceneDelegate.h */,
				800750D924A505C5003F8D0C /* SceneDelegate.m */,
				800750DE24A505C5003F8D0C /* Main.storyboard */,
				800750E124A505C6003F8D0C /* Assets.xcassets */,
				800750E324A505C6003F8D0C /* LaunchScreen.storyboard */,
				800750E624A505C6003F8D0C /* Info.plist */,
				800750E724A505C6003F8D0C /* main.m */,
			);
			path = Flix;
			sourceTree = "<group>";
		};
		800750F024A505C6003F8D0C /* FlixTests */ = {
			isa = PBXGroup;
			children = (
				800750F124A505C6003F8D0C /* FlixTests.m */,
				800750F324A505C6003F8D0C /* Info.plist */,
			);
			path = FlixTests;
			sourceTree = "<group>";
		};
		800750FB24A505C6003F8D0C /* FlixUITests */ = {
			isa = PBXGroup;
			children = (
				800750FC24A505C6003F8D0C /* FlixUITests.m */,
				800750FE24A505C6003F8D0C /* Info.plist */,
			);
			path = FlixUITests;
			sourceTree = "<group>";
		};
		8007510D24A537C7003F8D0C /* ViewControllers */ = {
			isa = PBXGroup;
			children = (
				8007510A24A50CD1003F8D0C /* MoviesViewController.h */,
				8007510B24A50CD1003F8D0C /* MoviesViewController.m */,
				8007511324A5C454003F8D0C /* DetailsViewController.h */,
				8007511424A5C454003F8D0C /* DetailsViewController.m */,
				80838AAA24A69592001C7D90 /* MoviesGridViewController.h */,
				80838AAB24A69592001C7D90 /* MoviesGridViewController.m */,
			);
			path = ViewControllers;
			sourceTree = "<group>";
		};
		8007510E24A537DA003F8D0C /* Views */ = {
			isa = PBXGroup;
			children = (
				8007511024A596CE003F8D0C /* MovieCell.h */,
				8007511124A596CE003F8D0C /* MovieCell.m */,
				80838AB024A6BB3E001C7D90 /* MovieCollectionCell.h */,
				80838AB124A6BB3E001C7D90 /* MovieCollectionCell.m */,
			);
			path = Views;
			sourceTree = "<group>";
		};
		E4405AE4B2A305C6A816557D /* Pods */ = {
			isa = PBXGroup;
			children = (
				15520C68165B909F6DE56473 /* Pods-Flix.debug.xcconfig */,
				1037C800F1BAB27E2477A617 /* Pods-Flix.release.xcconfig */,
				CFEA6055D616C60788F900E1 /* Pods-Flix-FlixUITests.debug.xcconfig */,
				40867A6CF8754DE6BA5739C3 /* Pods-Flix-FlixUITests.release.xcconfig */,
				9B4F7093918E2227BF314D7F /* Pods-FlixTests.debug.xcconfig */,
				FFEF80333ADAE412367E0E33 /* Pods-FlixTests.release.xcconfig */,
			);
			path = Pods;
			sourceTree = "<group>";
		};
/* End PBXGroup section */

/* Begin PBXNativeTarget section */
		800750D124A505C5003F8D0C /* Flix */ = {
			isa = PBXNativeTarget;
			buildConfigurationList = 8007510124A505C6003F8D0C /* Build configuration list for PBXNativeTarget "Flix" */;
			buildPhases = (
				4267DCC0F0FB3FCD2F6F45B0 /* [CP] Check Pods Manifest.lock */,
				800750CE24A505C5003F8D0C /* Sources */,
				800750CF24A505C5003F8D0C /* Frameworks */,
				800750D024A505C5003F8D0C /* Resources */,
				8F8A0AFB1D1A437A63DB468D /* [CP] Embed Pods Frameworks */,
			);
			buildRules = (
			);
			dependencies = (
			);
			name = Flix;
			productName = Flix;
			productReference = 800750D224A505C5003F8D0C /* Flix.app */;
			productType = "com.apple.product-type.application";
		};
		800750EC24A505C6003F8D0C /* FlixTests */ = {
			isa = PBXNativeTarget;
			buildConfigurationList = 8007510424A505C6003F8D0C /* Build configuration list for PBXNativeTarget "FlixTests" */;
			buildPhases = (
				3379A457EC02A73E4AB77B81 /* [CP] Check Pods Manifest.lock */,
				800750E924A505C6003F8D0C /* Sources */,
				800750EA24A505C6003F8D0C /* Frameworks */,
				800750EB24A505C6003F8D0C /* Resources */,
			);
			buildRules = (
			);
			dependencies = (
				800750EF24A505C6003F8D0C /* PBXTargetDependency */,
			);
			name = FlixTests;
			productName = FlixTests;
			productReference = 800750ED24A505C6003F8D0C /* FlixTests.xctest */;
			productType = "com.apple.product-type.bundle.unit-test";
		};
		800750F724A505C6003F8D0C /* FlixUITests */ = {
			isa = PBXNativeTarget;
			buildConfigurationList = 8007510724A505C6003F8D0C /* Build configuration list for PBXNativeTarget "FlixUITests" */;
			buildPhases = (
				A8CCC44EF8AC1F1F1BC64F05 /* [CP] Check Pods Manifest.lock */,
				800750F424A505C6003F8D0C /* Sources */,
				800750F524A505C6003F8D0C /* Frameworks */,
				800750F624A505C6003F8D0C /* Resources */,
				5D08C1E4AF4E96130CD42A20 /* [CP] Embed Pods Frameworks */,
			);
			buildRules = (
			);
			dependencies = (
				800750FA24A505C6003F8D0C /* PBXTargetDependency */,
			);
			name = FlixUITests;
			productName = FlixUITests;
			productReference = 800750F824A505C6003F8D0C /* FlixUITests.xctest */;
			productType = "com.apple.product-type.bundle.ui-testing";
		};
/* End PBXNativeTarget section */

/* Begin PBXProject section */
		800750CA24A505C5003F8D0C /* Project object */ = {
			isa = PBXProject;
			attributes = {
				LastUpgradeCheck = 1150;
				ORGANIZATIONNAME = FacebookUniversity;
				TargetAttributes = {
					800750D124A505C5003F8D0C = {
						CreatedOnToolsVersion = 11.5;
					};
					800750EC24A505C6003F8D0C = {
						CreatedOnToolsVersion = 11.5;
						TestTargetID = 800750D124A505C5003F8D0C;
					};
					800750F724A505C6003F8D0C = {
						CreatedOnToolsVersion = 11.5;
						TestTargetID = 800750D124A505C5003F8D0C;
					};
				};
			};
			buildConfigurationList = 800750CD24A505C5003F8D0C /* Build configuration list for PBXProject "Flix" */;
			compatibilityVersion = "Xcode 9.3";
			developmentRegion = en;
			hasScannedForEncodings = 0;
			knownRegions = (
				en,
				Base,
			);
			mainGroup = 800750C924A505C5003F8D0C;
			productRefGroup = 800750D324A505C5003F8D0C /* Products */;
			projectDirPath = "";
			projectRoot = "";
			targets = (
				800750D124A505C5003F8D0C /* Flix */,
				800750EC24A505C6003F8D0C /* FlixTests */,
				800750F724A505C6003F8D0C /* FlixUITests */,
			);
		};
/* End PBXProject section */

/* Begin PBXResourcesBuildPhase section */
		800750D024A505C5003F8D0C /* Resources */ = {
			isa = PBXResourcesBuildPhase;
			buildActionMask = 2147483647;
			files = (
				800750E524A505C6003F8D0C /* LaunchScreen.storyboard in Resources */,
				800750E224A505C6003F8D0C /* Assets.xcassets in Resources */,
				800750E024A505C5003F8D0C /* Main.storyboard in Resources */,
			);
			runOnlyForDeploymentPostprocessing = 0;
		};
		800750EB24A505C6003F8D0C /* Resources */ = {
			isa = PBXResourcesBuildPhase;
			buildActionMask = 2147483647;
			files = (
			);
			runOnlyForDeploymentPostprocessing = 0;
		};
		800750F624A505C6003F8D0C /* Resources */ = {
			isa = PBXResourcesBuildPhase;
			buildActionMask = 2147483647;
			files = (
			);
			runOnlyForDeploymentPostprocessing = 0;
		};
/* End PBXResourcesBuildPhase section */

/* Begin PBXShellScriptBuildPhase section */
		3379A457EC02A73E4AB77B81 /* [CP] Check Pods Manifest.lock */ = {
			isa = PBXShellScriptBuildPhase;
			buildActionMask = 2147483647;
			files = (
			);
			inputFileListPaths = (
			);
			inputPaths = (
				"${PODS_PODFILE_DIR_PATH}/Podfile.lock",
				"${PODS_ROOT}/Manifest.lock",
			);
			name = "[CP] Check Pods Manifest.lock";
			outputFileListPaths = (
			);
			outputPaths = (
				"$(DERIVED_FILE_DIR)/Pods-FlixTests-checkManifestLockResult.txt",
			);
			runOnlyForDeploymentPostprocessing = 0;
			shellPath = /bin/sh;
			shellScript = "diff \"${PODS_PODFILE_DIR_PATH}/Podfile.lock\" \"${PODS_ROOT}/Manifest.lock\" > /dev/null\nif [ $? != 0 ] ; then\n    # print error to STDERR\n    echo \"error: The sandbox is not in sync with the Podfile.lock. Run 'pod install' or update your CocoaPods installation.\" >&2\n    exit 1\nfi\n# This output is used by Xcode 'outputs' to avoid re-running this script phase.\necho \"SUCCESS\" > \"${SCRIPT_OUTPUT_FILE_0}\"\n";
			showEnvVarsInLog = 0;
		};
		4267DCC0F0FB3FCD2F6F45B0 /* [CP] Check Pods Manifest.lock */ = {
			isa = PBXShellScriptBuildPhase;
			buildActionMask = 2147483647;
			files = (
			);
			inputFileListPaths = (
			);
			inputPaths = (
				"${PODS_PODFILE_DIR_PATH}/Podfile.lock",
				"${PODS_ROOT}/Manifest.lock",
			);
			name = "[CP] Check Pods Manifest.lock";
			outputFileListPaths = (
			);
			outputPaths = (
				"$(DERIVED_FILE_DIR)/Pods-Flix-checkManifestLockResult.txt",
			);
			runOnlyForDeploymentPostprocessing = 0;
			shellPath = /bin/sh;
			shellScript = "diff \"${PODS_PODFILE_DIR_PATH}/Podfile.lock\" \"${PODS_ROOT}/Manifest.lock\" > /dev/null\nif [ $? != 0 ] ; then\n    # print error to STDERR\n    echo \"error: The sandbox is not in sync with the Podfile.lock. Run 'pod install' or update your CocoaPods installation.\" >&2\n    exit 1\nfi\n# This output is used by Xcode 'outputs' to avoid re-running this script phase.\necho \"SUCCESS\" > \"${SCRIPT_OUTPUT_FILE_0}\"\n";
			showEnvVarsInLog = 0;
		};
		5D08C1E4AF4E96130CD42A20 /* [CP] Embed Pods Frameworks */ = {
			isa = PBXShellScriptBuildPhase;
			buildActionMask = 2147483647;
			files = (
			);
			inputFileListPaths = (
				"${PODS_ROOT}/Target Support Files/Pods-Flix-FlixUITests/Pods-Flix-FlixUITests-frameworks-${CONFIGURATION}-input-files.xcfilelist",
			);
			name = "[CP] Embed Pods Frameworks";
			outputFileListPaths = (
				"${PODS_ROOT}/Target Support Files/Pods-Flix-FlixUITests/Pods-Flix-FlixUITests-frameworks-${CONFIGURATION}-output-files.xcfilelist",
			);
			runOnlyForDeploymentPostprocessing = 0;
			shellPath = /bin/sh;
			shellScript = "\"${PODS_ROOT}/Target Support Files/Pods-Flix-FlixUITests/Pods-Flix-FlixUITests-frameworks.sh\"\n";
			showEnvVarsInLog = 0;
		};
		8F8A0AFB1D1A437A63DB468D /* [CP] Embed Pods Frameworks */ = {
			isa = PBXShellScriptBuildPhase;
			buildActionMask = 2147483647;
			files = (
			);
			inputFileListPaths = (
				"${PODS_ROOT}/Target Support Files/Pods-Flix/Pods-Flix-frameworks-${CONFIGURATION}-input-files.xcfilelist",
			);
			name = "[CP] Embed Pods Frameworks";
			outputFileListPaths = (
				"${PODS_ROOT}/Target Support Files/Pods-Flix/Pods-Flix-frameworks-${CONFIGURATION}-output-files.xcfilelist",
			);
			runOnlyForDeploymentPostprocessing = 0;
			shellPath = /bin/sh;
			shellScript = "\"${PODS_ROOT}/Target Support Files/Pods-Flix/Pods-Flix-frameworks.sh\"\n";
			showEnvVarsInLog = 0;
		};
		A8CCC44EF8AC1F1F1BC64F05 /* [CP] Check Pods Manifest.lock */ = {
			isa = PBXShellScriptBuildPhase;
			buildActionMask = 2147483647;
			files = (
			);
			inputFileListPaths = (
			);
			inputPaths = (
				"${PODS_PODFILE_DIR_PATH}/Podfile.lock",
				"${PODS_ROOT}/Manifest.lock",
			);
			name = "[CP] Check Pods Manifest.lock";
			outputFileListPaths = (
			);
			outputPaths = (
				"$(DERIVED_FILE_DIR)/Pods-Flix-FlixUITests-checkManifestLockResult.txt",
			);
			runOnlyForDeploymentPostprocessing = 0;
			shellPath = /bin/sh;
			shellScript = "diff \"${PODS_PODFILE_DIR_PATH}/Podfile.lock\" \"${PODS_ROOT}/Manifest.lock\" > /dev/null\nif [ $? != 0 ] ; then\n    # print error to STDERR\n    echo \"error: The sandbox is not in sync with the Podfile.lock. Run 'pod install' or update your CocoaPods installation.\" >&2\n    exit 1\nfi\n# This output is used by Xcode 'outputs' to avoid re-running this script phase.\necho \"SUCCESS\" > \"${SCRIPT_OUTPUT_FILE_0}\"\n";
			showEnvVarsInLog = 0;
		};
/* End PBXShellScriptBuildPhase section */

/* Begin PBXSourcesBuildPhase section */
		800750CE24A505C5003F8D0C /* Sources */ = {
			isa = PBXSourcesBuildPhase;
			buildActionMask = 2147483647;
			files = (
				800750D724A505C5003F8D0C /* AppDelegate.m in Sources */,
				8007511224A596CE003F8D0C /* MovieCell.m in Sources */,
				8007510C24A50CD1003F8D0C /* MoviesViewController.m in Sources */,
				8007511524A5C454003F8D0C /* DetailsViewController.m in Sources */,
				80838AB224A6BB3E001C7D90 /* MovieCollectionCell.m in Sources */,
				800750E824A505C6003F8D0C /* main.m in Sources */,
				800750DA24A505C5003F8D0C /* SceneDelegate.m in Sources */,
				80838AAC24A69592001C7D90 /* MoviesGridViewController.m in Sources */,
			);
			runOnlyForDeploymentPostprocessing = 0;
		};
		800750E924A505C6003F8D0C /* Sources */ = {
			isa = PBXSourcesBuildPhase;
			buildActionMask = 2147483647;
			files = (
				800750F224A505C6003F8D0C /* FlixTests.m in Sources */,
			);
			runOnlyForDeploymentPostprocessing = 0;
		};
		800750F424A505C6003F8D0C /* Sources */ = {
			isa = PBXSourcesBuildPhase;
			buildActionMask = 2147483647;
			files = (
				800750FD24A505C6003F8D0C /* FlixUITests.m in Sources */,
			);
			runOnlyForDeploymentPostprocessing = 0;
		};
/* End PBXSourcesBuildPhase section */

/* Begin PBXTargetDependency section */
		800750EF24A505C6003F8D0C /* PBXTargetDependency */ = {
			isa = PBXTargetDependency;
			target = 800750D124A505C5003F8D0C /* Flix */;
			targetProxy = 800750EE24A505C6003F8D0C /* PBXContainerItemProxy */;
		};
		800750FA24A505C6003F8D0C /* PBXTargetDependency */ = {
			isa = PBXTargetDependency;
			target = 800750D124A505C5003F8D0C /* Flix */;
			targetProxy = 800750F924A505C6003F8D0C /* PBXContainerItemProxy */;
		};
/* End PBXTargetDependency section */

/* Begin PBXVariantGroup section */
		800750DE24A505C5003F8D0C /* Main.storyboard */ = {
			isa = PBXVariantGroup;
			children = (
				800750DF24A505C5003F8D0C /* Base */,
			);
			name = Main.storyboard;
			sourceTree = "<group>";
		};
		800750E324A505C6003F8D0C /* LaunchScreen.storyboard */ = {
			isa = PBXVariantGroup;
			children = (
				800750E424A505C6003F8D0C /* Base */,
			);
			name = LaunchScreen.storyboard;
			sourceTree = "<group>";
		};
/* End PBXVariantGroup section */

/* Begin XCBuildConfiguration section */
		800750FF24A505C6003F8D0C /* Debug */ = {
			isa = XCBuildConfiguration;
			buildSettings = {
				ALWAYS_SEARCH_USER_PATHS = NO;
				CLANG_ANALYZER_NONNULL = YES;
				CLANG_ANALYZER_NUMBER_OBJECT_CONVERSION = YES_AGGRESSIVE;
				CLANG_CXX_LANGUAGE_STANDARD = "gnu++14";
				CLANG_CXX_LIBRARY = "libc++";
				CLANG_ENABLE_MODULES = YES;
				CLANG_ENABLE_OBJC_ARC = YES;
				CLANG_ENABLE_OBJC_WEAK = YES;
				CLANG_WARN_BLOCK_CAPTURE_AUTORELEASING = YES;
				CLANG_WARN_BOOL_CONVERSION = YES;
				CLANG_WARN_COMMA = YES;
				CLANG_WARN_CONSTANT_CONVERSION = YES;
				CLANG_WARN_DEPRECATED_OBJC_IMPLEMENTATIONS = YES;
				CLANG_WARN_DIRECT_OBJC_ISA_USAGE = YES_ERROR;
				CLANG_WARN_DOCUMENTATION_COMMENTS = YES;
				CLANG_WARN_EMPTY_BODY = YES;
				CLANG_WARN_ENUM_CONVERSION = YES;
				CLANG_WARN_INFINITE_RECURSION = YES;
				CLANG_WARN_INT_CONVERSION = YES;
				CLANG_WARN_NON_LITERAL_NULL_CONVERSION = YES;
				CLANG_WARN_OBJC_IMPLICIT_RETAIN_SELF = YES;
				CLANG_WARN_OBJC_LITERAL_CONVERSION = YES;
				CLANG_WARN_OBJC_ROOT_CLASS = YES_ERROR;
				CLANG_WARN_RANGE_LOOP_ANALYSIS = YES;
				CLANG_WARN_STRICT_PROTOTYPES = YES;
				CLANG_WARN_SUSPICIOUS_MOVE = YES;
				CLANG_WARN_UNGUARDED_AVAILABILITY = YES_AGGRESSIVE;
				CLANG_WARN_UNREACHABLE_CODE = YES;
				CLANG_WARN__DUPLICATE_METHOD_MATCH = YES;
				COPY_PHASE_STRIP = NO;
				DEBUG_INFORMATION_FORMAT = dwarf;
				ENABLE_STRICT_OBJC_MSGSEND = YES;
				ENABLE_TESTABILITY = YES;
				GCC_C_LANGUAGE_STANDARD = gnu11;
				GCC_DYNAMIC_NO_PIC = NO;
				GCC_NO_COMMON_BLOCKS = YES;
				GCC_OPTIMIZATION_LEVEL = 0;
				GCC_PREPROCESSOR_DEFINITIONS = (
					"DEBUG=1",
					"$(inherited)",
				);
				GCC_WARN_64_TO_32_BIT_CONVERSION = YES;
				GCC_WARN_ABOUT_RETURN_TYPE = YES_ERROR;
				GCC_WARN_UNDECLARED_SELECTOR = YES;
				GCC_WARN_UNINITIALIZED_AUTOS = YES_AGGRESSIVE;
				GCC_WARN_UNUSED_FUNCTION = YES;
				GCC_WARN_UNUSED_VARIABLE = YES;
				IPHONEOS_DEPLOYMENT_TARGET = 13.5;
				MTL_ENABLE_DEBUG_INFO = INCLUDE_SOURCE;
				MTL_FAST_MATH = YES;
				ONLY_ACTIVE_ARCH = YES;
				SDKROOT = iphoneos;
			};
			name = Debug;
		};
		8007510024A505C6003F8D0C /* Release */ = {
			isa = XCBuildConfiguration;
			buildSettings = {
				ALWAYS_SEARCH_USER_PATHS = NO;
				CLANG_ANALYZER_NONNULL = YES;
				CLANG_ANALYZER_NUMBER_OBJECT_CONVERSION = YES_AGGRESSIVE;
				CLANG_CXX_LANGUAGE_STANDARD = "gnu++14";
				CLANG_CXX_LIBRARY = "libc++";
				CLANG_ENABLE_MODULES = YES;
				CLANG_ENABLE_OBJC_ARC = YES;
				CLANG_ENABLE_OBJC_WEAK = YES;
				CLANG_WARN_BLOCK_CAPTURE_AUTORELEASING = YES;
				CLANG_WARN_BOOL_CONVERSION = YES;
				CLANG_WARN_COMMA = YES;
				CLANG_WARN_CONSTANT_CONVERSION = YES;
				CLANG_WARN_DEPRECATED_OBJC_IMPLEMENTATIONS = YES;
				CLANG_WARN_DIRECT_OBJC_ISA_USAGE = YES_ERROR;
				CLANG_WARN_DOCUMENTATION_COMMENTS = YES;
				CLANG_WARN_EMPTY_BODY = YES;
				CLANG_WARN_ENUM_CONVERSION = YES;
				CLANG_WARN_INFINITE_RECURSION = YES;
				CLANG_WARN_INT_CONVERSION = YES;
				CLANG_WARN_NON_LITERAL_NULL_CONVERSION = YES;
				CLANG_WARN_OBJC_IMPLICIT_RETAIN_SELF = YES;
				CLANG_WARN_OBJC_LITERAL_CONVERSION = YES;
				CLANG_WARN_OBJC_ROOT_CLASS = YES_ERROR;
				CLANG_WARN_RANGE_LOOP_ANALYSIS = YES;
				CLANG_WARN_STRICT_PROTOTYPES = YES;
				CLANG_WARN_SUSPICIOUS_MOVE = YES;
				CLANG_WARN_UNGUARDED_AVAILABILITY = YES_AGGRESSIVE;
				CLANG_WARN_UNREACHABLE_CODE = YES;
				CLANG_WARN__DUPLICATE_METHOD_MATCH = YES;
				COPY_PHASE_STRIP = NO;
				DEBUG_INFORMATION_FORMAT = "dwarf-with-dsym";
				ENABLE_NS_ASSERTIONS = NO;
				ENABLE_STRICT_OBJC_MSGSEND = YES;
				GCC_C_LANGUAGE_STANDARD = gnu11;
				GCC_NO_COMMON_BLOCKS = YES;
				GCC_WARN_64_TO_32_BIT_CONVERSION = YES;
				GCC_WARN_ABOUT_RETURN_TYPE = YES_ERROR;
				GCC_WARN_UNDECLARED_SELECTOR = YES;
				GCC_WARN_UNINITIALIZED_AUTOS = YES_AGGRESSIVE;
				GCC_WARN_UNUSED_FUNCTION = YES;
				GCC_WARN_UNUSED_VARIABLE = YES;
				IPHONEOS_DEPLOYMENT_TARGET = 13.5;
				MTL_ENABLE_DEBUG_INFO = NO;
				MTL_FAST_MATH = YES;
				SDKROOT = iphoneos;
				VALIDATE_PRODUCT = YES;
			};
			name = Release;
		};
		8007510224A505C6003F8D0C /* Debug */ = {
			isa = XCBuildConfiguration;
			baseConfigurationReference = 15520C68165B909F6DE56473 /* Pods-Flix.debug.xcconfig */;
			buildSettings = {
				ASSETCATALOG_COMPILER_APPICON_NAME = AppIcon;
				CODE_SIGN_STYLE = Automatic;
				DEVELOPMENT_TEAM = BTGPD3VWP5;
				INFOPLIST_FILE = Flix/Info.plist;
				LD_RUNPATH_SEARCH_PATHS = (
					"$(inherited)",
					"@executable_path/Frameworks",
				);
				PRODUCT_BUNDLE_IDENTIFIER = com.zurken.flix;
				PRODUCT_NAME = "$(TARGET_NAME)";
				TARGETED_DEVICE_FAMILY = "1,2";
			};
			name = Debug;
		};
		8007510324A505C6003F8D0C /* Release */ = {
			isa = XCBuildConfiguration;
			baseConfigurationReference = 1037C800F1BAB27E2477A617 /* Pods-Flix.release.xcconfig */;
			buildSettings = {
				ASSETCATALOG_COMPILER_APPICON_NAME = AppIcon;
				CODE_SIGN_STYLE = Automatic;
				DEVELOPMENT_TEAM = BTGPD3VWP5;
				INFOPLIST_FILE = Flix/Info.plist;
				LD_RUNPATH_SEARCH_PATHS = (
					"$(inherited)",
					"@executable_path/Frameworks",
				);
				PRODUCT_BUNDLE_IDENTIFIER = com.zurken.flix;
				PRODUCT_NAME = "$(TARGET_NAME)";
				TARGETED_DEVICE_FAMILY = "1,2";
			};
			name = Release;
		};
		8007510524A505C6003F8D0C /* Debug */ = {
			isa = XCBuildConfiguration;
			baseConfigurationReference = 9B4F7093918E2227BF314D7F /* Pods-FlixTests.debug.xcconfig */;
			buildSettings = {
				BUNDLE_LOADER = "$(TEST_HOST)";
				CODE_SIGN_STYLE = Automatic;
				INFOPLIST_FILE = FlixTests/Info.plist;
				IPHONEOS_DEPLOYMENT_TARGET = 13.5;
				LD_RUNPATH_SEARCH_PATHS = (
					"$(inherited)",
					"@executable_path/Frameworks",
					"@loader_path/Frameworks",
				);
				PRODUCT_BUNDLE_IDENTIFIER = com.zurken.FlixTests;
				PRODUCT_NAME = "$(TARGET_NAME)";
				TARGETED_DEVICE_FAMILY = "1,2";
				TEST_HOST = "$(BUILT_PRODUCTS_DIR)/Flix.app/Flix";
			};
			name = Debug;
		};
		8007510624A505C6003F8D0C /* Release */ = {
			isa = XCBuildConfiguration;
			baseConfigurationReference = FFEF80333ADAE412367E0E33 /* Pods-FlixTests.release.xcconfig */;
			buildSettings = {
				BUNDLE_LOADER = "$(TEST_HOST)";
				CODE_SIGN_STYLE = Automatic;
				INFOPLIST_FILE = FlixTests/Info.plist;
				IPHONEOS_DEPLOYMENT_TARGET = 13.5;
				LD_RUNPATH_SEARCH_PATHS = (
					"$(inherited)",
					"@executable_path/Frameworks",
					"@loader_path/Frameworks",
				);
				PRODUCT_BUNDLE_IDENTIFIER = com.zurken.FlixTests;
				PRODUCT_NAME = "$(TARGET_NAME)";
				TARGETED_DEVICE_FAMILY = "1,2";
				TEST_HOST = "$(BUILT_PRODUCTS_DIR)/Flix.app/Flix";
			};
			name = Release;
		};
		8007510824A505C6003F8D0C /* Debug */ = {
			isa = XCBuildConfiguration;
			baseConfigurationReference = CFEA6055D616C60788F900E1 /* Pods-Flix-FlixUITests.debug.xcconfig */;
			buildSettings = {
				CODE_SIGN_STYLE = Automatic;
				INFOPLIST_FILE = FlixUITests/Info.plist;
				LD_RUNPATH_SEARCH_PATHS = (
					"$(inherited)",
					"@executable_path/Frameworks",
					"@loader_path/Frameworks",
				);
				PRODUCT_BUNDLE_IDENTIFIER = com.zurken.FlixUITests;
				PRODUCT_NAME = "$(TARGET_NAME)";
				TARGETED_DEVICE_FAMILY = "1,2";
				TEST_TARGET_NAME = Flix;
			};
			name = Debug;
		};
		8007510924A505C6003F8D0C /* Release */ = {
			isa = XCBuildConfiguration;
			baseConfigurationReference = 40867A6CF8754DE6BA5739C3 /* Pods-Flix-FlixUITests.release.xcconfig */;
			buildSettings = {
				CODE_SIGN_STYLE = Automatic;
				INFOPLIST_FILE = FlixUITests/Info.plist;
				LD_RUNPATH_SEARCH_PATHS = (
					"$(inherited)",
					"@executable_path/Frameworks",
					"@loader_path/Frameworks",
				);
				PRODUCT_BUNDLE_IDENTIFIER = com.zurken.FlixUITests;
				PRODUCT_NAME = "$(TARGET_NAME)";
				TARGETED_DEVICE_FAMILY = "1,2";
				TEST_TARGET_NAME = Flix;
			};
			name = Release;
		};
/* End XCBuildConfiguration section */

/* Begin XCConfigurationList section */
		800750CD24A505C5003F8D0C /* Build configuration list for PBXProject "Flix" */ = {
			isa = XCConfigurationList;
			buildConfigurations = (
				800750FF24A505C6003F8D0C /* Debug */,
				8007510024A505C6003F8D0C /* Release */,
			);
			defaultConfigurationIsVisible = 0;
			defaultConfigurationName = Release;
		};
		8007510124A505C6003F8D0C /* Build configuration list for PBXNativeTarget "Flix" */ = {
			isa = XCConfigurationList;
			buildConfigurations = (
				8007510224A505C6003F8D0C /* Debug */,
				8007510324A505C6003F8D0C /* Release */,
			);
			defaultConfigurationIsVisible = 0;
			defaultConfigurationName = Release;
		};
		8007510424A505C6003F8D0C /* Build configuration list for PBXNativeTarget "FlixTests" */ = {
			isa = XCConfigurationList;
			buildConfigurations = (
				8007510524A505C6003F8D0C /* Debug */,
				8007510624A505C6003F8D0C /* Release */,
			);
			defaultConfigurationIsVisible = 0;
			defaultConfigurationName = Release;
		};
		8007510724A505C6003F8D0C /* Build configuration list for PBXNativeTarget "FlixUITests" */ = {
			isa = XCConfigurationList;
			buildConfigurations = (
				8007510824A505C6003F8D0C /* Debug */,
				8007510924A505C6003F8D0C /* Release */,
			);
			defaultConfigurationIsVisible = 0;
			defaultConfigurationName = Release;
		};
/* End XCConfigurationList section */
	};
	rootObject = 800750CA24A505C5003F8D0C /* Project object */;
}
